
Microsoft Visual Studio Solution File, Format Version 12.00
# Visual Studio Version 17
VisualStudioVersion = 17.8.34205.153
MinimumVisualStudioVersion = 10.0.40219.1
Project("{FAE04EC0-301F-11D3-BF4B-00C04F79EFBC}") = "ConfigFramework", "ConfigFramework\ConfigFramework.csproj", "{4722F35E-6D14-4667-9856-F9A3822575AD}"
EndProject
Global
	GlobalSection(SolutionConfigurationPlatforms) = preSolution
		Debug|Any CPU = Debug|Any CPU
		Development|Any CPU = Development|Any CPU
		Production|Any CPU = Production|Any CPU
		Release|Any CPU = Release|Any CPU
		Staging|Any CPU = Staging|Any CPU
	EndGlobalSection
	GlobalSection(ProjectConfigurationPlatforms) = postSolution
		{4722F35E-6D14-4667-9856-F9A3822575AD}.Debug|Any CPU.ActiveCfg = Debug|Any CPU
		{4722F35E-6D14-4667-9856-F9A3822575AD}.Debug|Any CPU.Build.0 = Debug|Any CPU
		{4722F35E-6D14-4667-9856-F9A3822575AD}.Development|Any CPU.ActiveCfg = Development|Any CPU
		{4722F35E-6D14-4667-9856-F9A3822575AD}.Development|Any CPU.Build.0 = Development|Any CPU
		{4722F35E-6D14-4667-9856-F9A3822575AD}.Production|Any CPU.ActiveCfg = Production|Any CPU
		{4722F35E-6D14-4667-9856-F9A3822575AD}.Production|Any CPU.Build.0 = Production|Any CPU
		{4722F35E-6D14-4667-9856-F9A3822575AD}.Release|Any CPU.ActiveCfg = Release|Any CPU
		{4722F35E-6D14-4667-9856-F9A3822575AD}.Release|Any CPU.Build.0 = Release|Any CPU
		{4722F35E-6D14-4667-9856-F9A3822575AD}.Staging|Any CPU.ActiveCfg = Staging|Any CPU
		{4722F35E-6D14-4667-9856-F9A3822575AD}.Staging|Any CPU.Build.0 = Staging|Any CPU
	EndGlobalSection
	GlobalSection(SolutionProperties) = preSolution
		HideSolutionNode = FALSE
	EndGlobalSection
	GlobalSection(ExtensibilityGlobals) = postSolution
		SolutionGuid = {F54B7328-EFD9-497B-BC5E-E9EFA7CEAB50}
	EndGlobalSection
EndGlobal
